
Microsoft Visual Studio Solution File, Format Version 12.00
# Visual Studio 2012
Project("{FAE04EC0-301F-11D3-BF4B-00C04F79EFBC}") = "Twilio31", "Twilio31\Twilio31.csproj", "{35FBED13-E494-446E-BD90-9EDB1D7CDA91}"
EndProject
Global
	GlobalSection(SolutionConfigurationPlatforms) = preSolution
		Debug|Any CPU = Debug|Any CPU
		Release|Any CPU = Release|Any CPU
	EndGlobalSection
	GlobalSection(ProjectConfigurationPlatforms) = postSolution
		{35FBED13-E494-446E-BD90-9EDB1D7CDA91}.Debug|Any CPU.ActiveCfg = Debug|Any CPU
		{35FBED13-E494-446E-BD90-9EDB1D7CDA91}.Debug|Any CPU.Build.0 = Debug|Any CPU
		{35FBED13-E494-446E-BD90-9EDB1D7CDA91}.Release|Any CPU.ActiveCfg = Release|Any CPU
		{35FBED13-E494-446E-BD90-9EDB1D7CDA91}.Release|Any CPU.Build.0 = Release|Any CPU
	EndGlobalSection
EndGlobal
